
Microsoft Visual Studio Solution File, Format Version 12.00
# Visual Studio Version 16
VisualStudioVersion = 16.0.29123.88
MinimumVisualStudioVersion = 10.0.40219.1
Project("{FAE04EC0-301F-11D3-BF4B-00C04F79EFBC}") = "sms_android", "sms_android.csproj", "{DDA32352-D2B5-41B9-B6E7-437817874F32}"
EndProject
Global
	GlobalSection(SolutionConfigurationPlatforms) = preSolution
		Debug|Any CPU = Debug|Any CPU
		Release|Any CPU = Release|Any CPU
	EndGlobalSection
	GlobalSection(ProjectConfigurationPlatforms) = postSolution
		{DDA32352-D2B5-41B9-B6E7-437817874F32}.Debug|Any CPU.ActiveCfg = Debug|Any CPU
		{DDA32352-D2B5-41B9-B6E7-437817874F32}.Debug|Any CPU.Build.0 = Debug|Any CPU
		{DDA32352-D2B5-41B9-B6E7-437817874F32}.Debug|Any CPU.Deploy.0 = Debug|Any CPU
		{DDA32352-D2B5-41B9-B6E7-437817874F32}.Release|Any CPU.ActiveCfg = Release|Any CPU
		{DDA32352-D2B5-41B9-B6E7-437817874F32}.Release|Any CPU.Build.0 = Release|Any CPU
		{DDA32352-D2B5-41B9-B6E7-437817874F32}.Release|Any CPU.Deploy.0 = Release|Any CPU
	EndGlobalSection
	GlobalSection(SolutionProperties) = preSolution
		HideSolutionNode = FALSE
	EndGlobalSection
	GlobalSection(ExtensibilityGlobals) = postSolution
		SolutionGuid = {A06E8220-B72E-460E-A2D6-074F44A8D058}
	EndGlobalSection
EndGlobal
